// !$*UTF8*$!
{
	archiveVersion = 1;
	classes = {
	};
	objectVersion = 51;
	objects = {

/* Begin PBXBuildFile section */
		546D656EB767D6B4AF321E79 /* Pods_Istsharat.framework in Frameworks */ = {isa = PBXBuildFile; fileRef = D5FF93201652E3385944A3E5 /* Pods_Istsharat.framework */; };
		A608BDDD25CA768600548BC1 /* ChangePasswordViewController.swift in Sources */ = {isa = PBXBuildFile; fileRef = A608BDDC25CA768600548BC1 /* ChangePasswordViewController.swift */; };
		A608BDE025CA819E00548BC1 /* AskConsultationViewController.swift in Sources */ = {isa = PBXBuildFile; fileRef = A608BDDF25CA819E00548BC1 /* AskConsultationViewController.swift */; };
		A60A3EBC25CDEC0B003E2D18 /* ResponseHandler.swift in Sources */ = {isa = PBXBuildFile; fileRef = A60A3EB725CDEC0B003E2D18 /* ResponseHandler.swift */; };
		A60A3EBD25CDEC0B003E2D18 /* BaseRequest.swift in Sources */ = {isa = PBXBuildFile; fileRef = A60A3EB825CDEC0B003E2D18 /* BaseRequest.swift */; };
		A60A3EBE25CDEC0B003E2D18 /* BaseFile.swift in Sources */ = {isa = PBXBuildFile; fileRef = A60A3EB925CDEC0B003E2D18 /* BaseFile.swift */; };
		A60A3EBF25CDEC0B003E2D18 /* GlobalConstants.swift in Sources */ = {isa = PBXBuildFile; fileRef = A60A3EBA25CDEC0B003E2D18 /* GlobalConstants.swift */; };
		A60A3EC025CDEC0B003E2D18 /* RequestBuilder.swift in Sources */ = {isa = PBXBuildFile; fileRef = A60A3EBB25CDEC0B003E2D18 /* RequestBuilder.swift */; };
		A60A3ECF25CEBD40003E2D18 /* Home.swift in Sources */ = {isa = PBXBuildFile; fileRef = A60A3ECE25CEBD40003E2D18 /* Home.swift */; };
		A60A3ED125CFF162003E2D18 /* UserLoginModel.swift in Sources */ = {isa = PBXBuildFile; fileRef = A60A3ED025CFF161003E2D18 /* UserLoginModel.swift */; };
		A60A3ED325CFF223003E2D18 /* UserRegisterModel.swift in Sources */ = {isa = PBXBuildFile; fileRef = A60A3ED225CFF223003E2D18 /* UserRegisterModel.swift */; };
		A60A3ED525CFF923003E2D18 /* QuestionsModel.swift in Sources */ = {isa = PBXBuildFile; fileRef = A60A3ED425CFF923003E2D18 /* QuestionsModel.swift */; };
		A60A3ED825D00F80003E2D18 /* UserProfile.swift in Sources */ = {isa = PBXBuildFile; fileRef = A60A3ED725D00F7F003E2D18 /* UserProfile.swift */; };
		A60A3EDA25D01447003E2D18 /* QuestionDetailsViewController.swift in Sources */ = {isa = PBXBuildFile; fileRef = A60A3ED925D01447003E2D18 /* QuestionDetailsViewController.swift */; };
		A60A3EDC25D027F8003E2D18 /* ChatSessionsModel.swift in Sources */ = {isa = PBXBuildFile; fileRef = A60A3EDB25D027F7003E2D18 /* ChatSessionsModel.swift */; };
		A60A3EE025D17009003E2D18 /* Connectivity.swift in Sources */ = {isa = PBXBuildFile; fileRef = A60A3EDF25D17007003E2D18 /* Connectivity.swift */; };
		A62D25D225C9536400C28CF6 /* CategoriesViewController.swift in Sources */ = {isa = PBXBuildFile; fileRef = A62D25D125C9536400C28CF6 /* CategoriesViewController.swift */; };
		A62D25D425C9538500C28CF6 /* CategoryCollectionViewCell.swift in Sources */ = {isa = PBXBuildFile; fileRef = A62D25D325C9538500C28CF6 /* CategoryCollectionViewCell.swift */; };
		A62D25D725C9649700C28CF6 /* ConsultationViewController.swift in Sources */ = {isa = PBXBuildFile; fileRef = A62D25D625C9649700C28CF6 /* ConsultationViewController.swift */; };
		A62D25DA25C9747800C28CF6 /* SearchViewController.swift in Sources */ = {isa = PBXBuildFile; fileRef = A62D25D925C9747800C28CF6 /* SearchViewController.swift */; };
		A62D25DC25C974D000C28CF6 /* SearchTableViewCell.swift in Sources */ = {isa = PBXBuildFile; fileRef = A62D25DB25C974D000C28CF6 /* SearchTableViewCell.swift */; };
		A62D25DE25C9873800C28CF6 /* ConsultationsViewController.swift in Sources */ = {isa = PBXBuildFile; fileRef = A62D25DD25C9873800C28CF6 /* ConsultationsViewController.swift */; };
		A62D25E025C987CC00C28CF6 /* ConsultationsTableViewCell.swift in Sources */ = {isa = PBXBuildFile; fileRef = A62D25DF25C987CC00C28CF6 /* ConsultationsTableViewCell.swift */; };
		A633DE6525CABA9E00B00D30 /* ConsultationsListViewController.swift in Sources */ = {isa = PBXBuildFile; fileRef = A633DE6425CABA9E00B00D30 /* ConsultationsListViewController.swift */; };
		A633DE6725CABB1C00B00D30 /* ConsultationsListTableViewCell.swift in Sources */ = {isa = PBXBuildFile; fileRef = A633DE6625CABB1C00B00D30 /* ConsultationsListTableViewCell.swift */; };
		A633DE6A25CACBD500B00D30 /* ChildHomeTableViewCell.swift in Sources */ = {isa = PBXBuildFile; fileRef = A633DE6825CACBD500B00D30 /* ChildHomeTableViewCell.swift */; };
		A633DE6B25CACBD500B00D30 /* ChildHomeTableViewCell.xib in Resources */ = {isa = PBXBuildFile; fileRef = A633DE6925CACBD500B00D30 /* ChildHomeTableViewCell.xib */; };
		A633DE7125CBB07A00B00D30 /* HeaderHomeTableView.xib in Resources */ = {isa = PBXBuildFile; fileRef = A633DE7025CBB07A00B00D30 /* HeaderHomeTableView.xib */; };
		A633DE7325CBB12700B00D30 /* HeaderHomeTableView.swift in Sources */ = {isa = PBXBuildFile; fileRef = A633DE7225CBB12700B00D30 /* HeaderHomeTableView.swift */; };
		A633DE7625CBC58800B00D30 /* FooterHomeTableView.xib in Resources */ = {isa = PBXBuildFile; fileRef = A633DE7525CBC58800B00D30 /* FooterHomeTableView.xib */; };
		A633DE7825CBC5A000B00D30 /* FooterHomeTableView.swift in Sources */ = {isa = PBXBuildFile; fileRef = A633DE7725CBC5A000B00D30 /* FooterHomeTableView.swift */; };
		A653B40825CDC57600B64E7B /* TestViewController.swift in Sources */ = {isa = PBXBuildFile; fileRef = A653B40725CDC57600B64E7B /* TestViewController.swift */; };
		A6766D5925C83521002CC752 /* ChatListTableViewCell.swift in Sources */ = {isa = PBXBuildFile; fileRef = A6766D5725C83521002CC752 /* ChatListTableViewCell.swift */; };
		A6766D5A25C83521002CC752 /* ChatListTableViewCell.xib in Resources */ = {isa = PBXBuildFile; fileRef = A6766D5825C83521002CC752 /* ChatListTableViewCell.xib */; };
		A6766D5D25C83854002CC752 /* ChatListViewController.swift in Sources */ = {isa = PBXBuildFile; fileRef = A6766D5C25C83854002CC752 /* ChatListViewController.swift */; };
		A688DC3225D3B0AD00B30C98 /* AdvsTableViewCell.swift in Sources */ = {isa = PBXBuildFile; fileRef = A688DC3025D3B0AD00B30C98 /* AdvsTableViewCell.swift */; };
		A688DC3325D3B0AD00B30C98 /* AdvsTableViewCell.xib in Resources */ = {isa = PBXBuildFile; fileRef = A688DC3125D3B0AD00B30C98 /* AdvsTableViewCell.xib */; };
		A68E25D425CBF826008C773F /* Categories.swift in Sources */ = {isa = PBXBuildFile; fileRef = A68E25D325CBF826008C773F /* Categories.swift */; };
		A68E25D625CBFD84008C773F /* PageOfCategory.swift in Sources */ = {isa = PBXBuildFile; fileRef = A68E25D525CBFD84008C773F /* PageOfCategory.swift */; };
		A68E25D825CC07B9008C773F /* Cities.swift in Sources */ = {isa = PBXBuildFile; fileRef = A68E25D725CC07B9008C773F /* Cities.swift */; };
		A68E25DA25CC0851008C773F /* PageDetails.swift in Sources */ = {isa = PBXBuildFile; fileRef = A68E25D925CC0851008C773F /* PageDetails.swift */; };
		A699DBCF25CAAF2000A50370 /* ChatViewController.swift in Sources */ = {isa = PBXBuildFile; fileRef = A699DBCE25CAAF2000A50370 /* ChatViewController.swift */; };
		A6DC091825C7F1C50058FED0 /* AppDelegate.swift in Sources */ = {isa = PBXBuildFile; fileRef = A6DC091725C7F1C50058FED0 /* AppDelegate.swift */; };
		A6DC091A25C7F1C50058FED0 /* SceneDelegate.swift in Sources */ = {isa = PBXBuildFile; fileRef = A6DC091925C7F1C50058FED0 /* SceneDelegate.swift */; };
		A6DC091C25C7F1C50058FED0 /* RigesterViewController.swift in Sources */ = {isa = PBXBuildFile; fileRef = A6DC091B25C7F1C50058FED0 /* RigesterViewController.swift */; };
		A6DC091F25C7F1C50058FED0 /* Main.storyboard in Resources */ = {isa = PBXBuildFile; fileRef = A6DC091D25C7F1C50058FED0 /* Main.storyboard */; };
		A6DC092125C7F1C70058FED0 /* Assets.xcassets in Resources */ = {isa = PBXBuildFile; fileRef = A6DC092025C7F1C70058FED0 /* Assets.xcassets */; };
		A6DC092425C7F1C70058FED0 /* LaunchScreen.storyboard in Resources */ = {isa = PBXBuildFile; fileRef = A6DC092225C7F1C70058FED0 /* LaunchScreen.storyboard */; };
		A6DC093525C7F3860058FED0 /* LoginViewController.swift in Sources */ = {isa = PBXBuildFile; fileRef = A6DC093425C7F3860058FED0 /* LoginViewController.swift */; };
		A6DC093725C7F3BB0058FED0 /* ForgetPasswordViewController.swift in Sources */ = {isa = PBXBuildFile; fileRef = A6DC093625C7F3BB0058FED0 /* ForgetPasswordViewController.swift */; };
		A6DC093925C7F7400058FED0 /* MainNavigationViewController.swift in Sources */ = {isa = PBXBuildFile; fileRef = A6DC093825C7F7400058FED0 /* MainNavigationViewController.swift */; };
		A6DC093B25C7F7680058FED0 /* LGSideViewController.swift in Sources */ = {isa = PBXBuildFile; fileRef = A6DC093A25C7F7680058FED0 /* LGSideViewController.swift */; };
		A6DC093F25C7F9D60058FED0 /* font_bold.ttf in Resources */ = {isa = PBXBuildFile; fileRef = A6DC093D25C7F9D60058FED0 /* font_bold.ttf */; };
		A6DC094025C7F9D60058FED0 /* font_regular.ttf in Resources */ = {isa = PBXBuildFile; fileRef = A6DC093E25C7F9D60058FED0 /* font_regular.ttf */; };
		A6DC095225C7FADD0058FED0 /* UIButtonExtension.swift in Sources */ = {isa = PBXBuildFile; fileRef = A6DC094225C7FADB0058FED0 /* UIButtonExtension.swift */; };
		A6DC095325C7FADD0058FED0 /* UITextViewExtension.swift in Sources */ = {isa = PBXBuildFile; fileRef = A6DC094325C7FADB0058FED0 /* UITextViewExtension.swift */; };
		A6DC095425C7FADD0058FED0 /* UITextFieldExtension.swift in Sources */ = {isa = PBXBuildFile; fileRef = A6DC094425C7FADB0058FED0 /* UITextFieldExtension.swift */; };
		A6DC095525C7FADD0058FED0 /* DPImageView+LettersExtension.swift in Sources */ = {isa = PBXBuildFile; fileRef = A6DC094525C7FADB0058FED0 /* DPImageView+LettersExtension.swift */; };
		A6DC095625C7FADD0058FED0 /* UIImageViewExtension.swift in Sources */ = {isa = PBXBuildFile; fileRef = A6DC094625C7FADB0058FED0 /* UIImageViewExtension.swift */; };
		A6DC095725C7FADD0058FED0 /* UIlabelExtension.swift in Sources */ = {isa = PBXBuildFile; fileRef = A6DC094725C7FADB0058FED0 /* UIlabelExtension.swift */; };
		A6DC095825C7FADD0058FED0 /* UIViewControllerExtension.swift in Sources */ = {isa = PBXBuildFile; fileRef = A6DC094825C7FADC0058FED0 /* UIViewControllerExtension.swift */; };
		A6DC095925C7FADD0058FED0 /* String.swift in Sources */ = {isa = PBXBuildFile; fileRef = A6DC094925C7FADC0058FED0 /* String.swift */; };
		A6DC095A25C7FADD0058FED0 /* UINavigationBarExtension.swift in Sources */ = {isa = PBXBuildFile; fileRef = A6DC094A25C7FADC0058FED0 /* UINavigationBarExtension.swift */; };
		A6DC095B25C7FADD0058FED0 /* HexColorExtension.swift in Sources */ = {isa = PBXBuildFile; fileRef = A6DC094B25C7FADC0058FED0 /* HexColorExtension.swift */; };
		A6DC095D25C7FADD0058FED0 /* UITabBarExtension.swift in Sources */ = {isa = PBXBuildFile; fileRef = A6DC094D25C7FADC0058FED0 /* UITabBarExtension.swift */; };
		A6DC095F25C7FADD0058FED0 /* UIViewExtension.swift in Sources */ = {isa = PBXBuildFile; fileRef = A6DC094F25C7FADC0058FED0 /* UIViewExtension.swift */; };
		A6DC096025C7FADD0058FED0 /* DateExtension.swift in Sources */ = {isa = PBXBuildFile; fileRef = A6DC095025C7FADC0058FED0 /* DateExtension.swift */; };
		A6DC096125C7FADD0058FED0 /* Localizable.swift in Sources */ = {isa = PBXBuildFile; fileRef = A6DC095125C7FADD0058FED0 /* Localizable.swift */; };
		A6DC096325C7FC5B0058FED0 /* Constant.swift in Sources */ = {isa = PBXBuildFile; fileRef = A6DC096225C7FC5B0058FED0 /* Constant.swift */; };
		A6DC096525C808C40058FED0 /* HomeViewController.swift in Sources */ = {isa = PBXBuildFile; fileRef = A6DC096425C808C40058FED0 /* HomeViewController.swift */; };
		A6DC096825C808DD0058FED0 /* MenuViewController.swift in Sources */ = {isa = PBXBuildFile; fileRef = A6DC096725C808DD0058FED0 /* MenuViewController.swift */; };
		A6DC096E25C80E9C0058FED0 /* MenuTableViewCell.swift in Sources */ = {isa = PBXBuildFile; fileRef = A6DC096C25C80E9C0058FED0 /* MenuTableViewCell.swift */; };
		A6DC096F25C80E9C0058FED0 /* MenuTableViewCell.xib in Resources */ = {isa = PBXBuildFile; fileRef = A6DC096D25C80E9C0058FED0 /* MenuTableViewCell.xib */; };
		A6DC097925C812760058FED0 /* GeneralTableViewData.swift in Sources */ = {isa = PBXBuildFile; fileRef = A6DC097225C812760058FED0 /* GeneralTableViewData.swift */; };
		A6DC097A25C812760058FED0 /* GeneralTableViewCell.swift in Sources */ = {isa = PBXBuildFile; fileRef = A6DC097325C812760058FED0 /* GeneralTableViewCell.swift */; };
		A6DC097B25C812760058FED0 /* GeneralTableView.swift in Sources */ = {isa = PBXBuildFile; fileRef = A6DC097425C812760058FED0 /* GeneralTableView.swift */; };
		A6DC097C25C812760058FED0 /* GeneralCollectionViewCell.swift in Sources */ = {isa = PBXBuildFile; fileRef = A6DC097625C812760058FED0 /* GeneralCollectionViewCell.swift */; };
		A6DC097D25C812760058FED0 /* GeneralCollectionViewData.swift in Sources */ = {isa = PBXBuildFile; fileRef = A6DC097725C812760058FED0 /* GeneralCollectionViewData.swift */; };
		A6DC097E25C812760058FED0 /* GeneralCollectionView.swift in Sources */ = {isa = PBXBuildFile; fileRef = A6DC097825C812760058FED0 /* GeneralCollectionView.swift */; };
/* End PBXBuildFile section */

/* Begin PBXFileReference section */
		A608BDDC25CA768600548BC1 /* ChangePasswordViewController.swift */ = {isa = PBXFileReference; lastKnownFileType = sourcecode.swift; path = ChangePasswordViewController.swift; sourceTree = "<group>"; };
		A608BDDF25CA819E00548BC1 /* AskConsultationViewController.swift */ = {isa = PBXFileReference; lastKnownFileType = sourcecode.swift; path = AskConsultationViewController.swift; sourceTree = "<group>"; };
		A60A3EB725CDEC0B003E2D18 /* ResponseHandler.swift */ = {isa = PBXFileReference; fileEncoding = 4; lastKnownFileType = sourcecode.swift; path = ResponseHandler.swift; sourceTree = "<group>"; };
		A60A3EB825CDEC0B003E2D18 /* BaseRequest.swift */ = {isa = PBXFileReference; fileEncoding = 4; lastKnownFileType = sourcecode.swift; path = BaseRequest.swift; sourceTree = "<group>"; };
		A60A3EB925CDEC0B003E2D18 /* BaseFile.swift */ = {isa = PBXFileReference; fileEncoding = 4; lastKnownFileType = sourcecode.swift; path = BaseFile.swift; sourceTree = "<group>"; };
		A60A3EBA25CDEC0B003E2D18 /* GlobalConstants.swift */ = {isa = PBXFileReference; fileEncoding = 4; lastKnownFileType = sourcecode.swift; path = GlobalConstants.swift; sourceTree = "<group>"; };
		A60A3EBB25CDEC0B003E2D18 /* RequestBuilder.swift */ = {isa = PBXFileReference; fileEncoding = 4; lastKnownFileType = sourcecode.swift; path = RequestBuilder.swift; sourceTree = "<group>"; };
		A60A3ECE25CEBD40003E2D18 /* Home.swift */ = {isa = PBXFileReference; lastKnownFileType = sourcecode.swift; path = Home.swift; sourceTree = "<group>"; };
		A60A3ED025CFF161003E2D18 /* UserLoginModel.swift */ = {isa = PBXFileReference; lastKnownFileType = sourcecode.swift; path = UserLoginModel.swift; sourceTree = "<group>"; };
		A60A3ED225CFF223003E2D18 /* UserRegisterModel.swift */ = {isa = PBXFileReference; lastKnownFileType = sourcecode.swift; path = UserRegisterModel.swift; sourceTree = "<group>"; };
		A60A3ED425CFF923003E2D18 /* QuestionsModel.swift */ = {isa = PBXFileReference; lastKnownFileType = sourcecode.swift; path = QuestionsModel.swift; sourceTree = "<group>"; };
		A60A3ED725D00F7F003E2D18 /* UserProfile.swift */ = {isa = PBXFileReference; lastKnownFileType = sourcecode.swift; path = UserProfile.swift; sourceTree = "<group>"; };
		A60A3ED925D01447003E2D18 /* QuestionDetailsViewController.swift */ = {isa = PBXFileReference; lastKnownFileType = sourcecode.swift; path = QuestionDetailsViewController.swift; sourceTree = "<group>"; };
		A60A3EDB25D027F7003E2D18 /* ChatSessionsModel.swift */ = {isa = PBXFileReference; lastKnownFileType = sourcecode.swift; path = ChatSessionsModel.swift; sourceTree = "<group>"; };
		A60A3EDF25D17007003E2D18 /* Connectivity.swift */ = {isa = PBXFileReference; lastKnownFileType = sourcecode.swift; path = Connectivity.swift; sourceTree = "<group>"; };
		A62D25D125C9536400C28CF6 /* CategoriesViewController.swift */ = {isa = PBXFileReference; lastKnownFileType = sourcecode.swift; path = CategoriesViewController.swift; sourceTree = "<group>"; };
		A62D25D325C9538500C28CF6 /* CategoryCollectionViewCell.swift */ = {isa = PBXFileReference; lastKnownFileType = sourcecode.swift; path = CategoryCollectionViewCell.swift; sourceTree = "<group>"; };
		A62D25D625C9649700C28CF6 /* ConsultationViewController.swift */ = {isa = PBXFileReference; lastKnownFileType = sourcecode.swift; path = ConsultationViewController.swift; sourceTree = "<group>"; };
		A62D25D925C9747800C28CF6 /* SearchViewController.swift */ = {isa = PBXFileReference; lastKnownFileType = sourcecode.swift; path = SearchViewController.swift; sourceTree = "<group>"; };
		A62D25DB25C974D000C28CF6 /* SearchTableViewCell.swift */ = {isa = PBXFileReference; lastKnownFileType = sourcecode.swift; path = SearchTableViewCell.swift; sourceTree = "<group>"; };
		A62D25DD25C9873800C28CF6 /* ConsultationsViewController.swift */ = {isa = PBXFileReference; lastKnownFileType = sourcecode.swift; path = ConsultationsViewController.swift; sourceTree = "<group>"; };
		A62D25DF25C987CC00C28CF6 /* ConsultationsTableViewCell.swift */ = {isa = PBXFileReference; lastKnownFileType = sourcecode.swift; path = ConsultationsTableViewCell.swift; sourceTree = "<group>"; };
		A633DE6425CABA9E00B00D30 /* ConsultationsListViewController.swift */ = {isa = PBXFileReference; lastKnownFileType = sourcecode.swift; path = ConsultationsListViewController.swift; sourceTree = "<group>"; };
		A633DE6625CABB1C00B00D30 /* ConsultationsListTableViewCell.swift */ = {isa = PBXFileReference; lastKnownFileType = sourcecode.swift; path = ConsultationsListTableViewCell.swift; sourceTree = "<group>"; };
		A633DE6825CACBD500B00D30 /* ChildHomeTableViewCell.swift */ = {isa = PBXFileReference; lastKnownFileType = sourcecode.swift; path = ChildHomeTableViewCell.swift; sourceTree = "<group>"; };
		A633DE6925CACBD500B00D30 /* ChildHomeTableViewCell.xib */ = {isa = PBXFileReference; lastKnownFileType = file.xib; path = ChildHomeTableViewCell.xib; sourceTree = "<group>"; };
		A633DE7025CBB07A00B00D30 /* HeaderHomeTableView.xib */ = {isa = PBXFileReference; lastKnownFileType = file.xib; path = HeaderHomeTableView.xib; sourceTree = "<group>"; };
		A633DE7225CBB12700B00D30 /* HeaderHomeTableView.swift */ = {isa = PBXFileReference; lastKnownFileType = sourcecode.swift; path = HeaderHomeTableView.swift; sourceTree = "<group>"; };
		A633DE7525CBC58800B00D30 /* FooterHomeTableView.xib */ = {isa = PBXFileReference; lastKnownFileType = file.xib; path = FooterHomeTableView.xib; sourceTree = "<group>"; };
		A633DE7725CBC5A000B00D30 /* FooterHomeTableView.swift */ = {isa = PBXFileReference; lastKnownFileType = sourcecode.swift; path = FooterHomeTableView.swift; sourceTree = "<group>"; };
		A653B40725CDC57600B64E7B /* TestViewController.swift */ = {isa = PBXFileReference; lastKnownFileType = sourcecode.swift; path = TestViewController.swift; sourceTree = "<group>"; };
		A6766D5725C83521002CC752 /* ChatListTableViewCell.swift */ = {isa = PBXFileReference; lastKnownFileType = sourcecode.swift; path = ChatListTableViewCell.swift; sourceTree = "<group>"; };
		A6766D5825C83521002CC752 /* ChatListTableViewCell.xib */ = {isa = PBXFileReference; lastKnownFileType = file.xib; path = ChatListTableViewCell.xib; sourceTree = "<group>"; };
		A6766D5C25C83854002CC752 /* ChatListViewController.swift */ = {isa = PBXFileReference; lastKnownFileType = sourcecode.swift; path = ChatListViewController.swift; sourceTree = "<group>"; };
		A688DC3025D3B0AD00B30C98 /* AdvsTableViewCell.swift */ = {isa = PBXFileReference; lastKnownFileType = sourcecode.swift; path = AdvsTableViewCell.swift; sourceTree = "<group>"; };
		A688DC3125D3B0AD00B30C98 /* AdvsTableViewCell.xib */ = {isa = PBXFileReference; lastKnownFileType = file.xib; path = AdvsTableViewCell.xib; sourceTree = "<group>"; };
		A68E25D325CBF826008C773F /* Categories.swift */ = {isa = PBXFileReference; lastKnownFileType = sourcecode.swift; path = Categories.swift; sourceTree = "<group>"; };
		A68E25D525CBFD84008C773F /* PageOfCategory.swift */ = {isa = PBXFileReference; lastKnownFileType = sourcecode.swift; path = PageOfCategory.swift; sourceTree = "<group>"; };
		A68E25D725CC07B9008C773F /* Cities.swift */ = {isa = PBXFileReference; lastKnownFileType = sourcecode.swift; path = Cities.swift; sourceTree = "<group>"; };
		A68E25D925CC0851008C773F /* PageDetails.swift */ = {isa = PBXFileReference; lastKnownFileType = sourcecode.swift; path = PageDetails.swift; sourceTree = "<group>"; };
		A699DBCE25CAAF2000A50370 /* ChatViewController.swift */ = {isa = PBXFileReference; lastKnownFileType = sourcecode.swift; path = ChatViewController.swift; sourceTree = "<group>"; };
		A6DC091425C7F1C50058FED0 /* Istsharat.app */ = {isa = PBXFileReference; explicitFileType = wrapper.application; includeInIndex = 0; path = Istsharat.app; sourceTree = BUILT_PRODUCTS_DIR; };
		A6DC091725C7F1C50058FED0 /* AppDelegate.swift */ = {isa = PBXFileReference; lastKnownFileType = sourcecode.swift; path = AppDelegate.swift; sourceTree = "<group>"; };
		A6DC091925C7F1C50058FED0 /* SceneDelegate.swift */ = {isa = PBXFileReference; lastKnownFileType = sourcecode.swift; path = SceneDelegate.swift; sourceTree = "<group>"; };
		A6DC091B25C7F1C50058FED0 /* RigesterViewController.swift */ = {isa = PBXFileReference; lastKnownFileType = sourcecode.swift; path = RigesterViewController.swift; sourceTree = "<group>"; };
		A6DC091E25C7F1C50058FED0 /* Base */ = {isa = PBXFileReference; lastKnownFileType = file.storyboard; name = Base; path = Base.lproj/Main.storyboard; sourceTree = "<group>"; };
		A6DC092025C7F1C70058FED0 /* Assets.xcassets */ = {isa = PBXFileReference; lastKnownFileType = folder.assetcatalog; path = Assets.xcassets; sourceTree = "<group>"; };
		A6DC092325C7F1C70058FED0 /* Base */ = {isa = PBXFileReference; lastKnownFileType = file.storyboard; name = Base; path = Base.lproj/LaunchScreen.storyboard; sourceTree = "<group>"; };
		A6DC092525C7F1C70058FED0 /* Info.plist */ = {isa = PBXFileReference; lastKnownFileType = text.plist.xml; path = Info.plist; sourceTree = "<group>"; };
		A6DC093425C7F3860058FED0 /* LoginViewController.swift */ = {isa = PBXFileReference; lastKnownFileType = sourcecode.swift; path = LoginViewController.swift; sourceTree = "<group>"; };
		A6DC093625C7F3BB0058FED0 /* ForgetPasswordViewController.swift */ = {isa = PBXFileReference; lastKnownFileType = sourcecode.swift; path = ForgetPasswordViewController.swift; sourceTree = "<group>"; };
		A6DC093825C7F7400058FED0 /* MainNavigationViewController.swift */ = {isa = PBXFileReference; lastKnownFileType = sourcecode.swift; path = MainNavigationViewController.swift; sourceTree = "<group>"; };
		A6DC093A25C7F7680058FED0 /* LGSideViewController.swift */ = {isa = PBXFileReference; lastKnownFileType = sourcecode.swift; path = LGSideViewController.swift; sourceTree = "<group>"; };
		A6DC093D25C7F9D60058FED0 /* font_bold.ttf */ = {isa = PBXFileReference; lastKnownFileType = file; path = font_bold.ttf; sourceTree = "<group>"; };
		A6DC093E25C7F9D60058FED0 /* font_regular.ttf */ = {isa = PBXFileReference; lastKnownFileType = file; path = font_regular.ttf; sourceTree = "<group>"; };
		A6DC094225C7FADB0058FED0 /* UIButtonExtension.swift */ = {isa = PBXFileReference; fileEncoding = 4; lastKnownFileType = sourcecode.swift; path = UIButtonExtension.swift; sourceTree = "<group>"; };
		A6DC094325C7FADB0058FED0 /* UITextViewExtension.swift */ = {isa = PBXFileReference; fileEncoding = 4; lastKnownFileType = sourcecode.swift; path = UITextViewExtension.swift; sourceTree = "<group>"; };
		A6DC094425C7FADB0058FED0 /* UITextFieldExtension.swift */ = {isa = PBXFileReference; fileEncoding = 4; lastKnownFileType = sourcecode.swift; path = UITextFieldExtension.swift; sourceTree = "<group>"; };
		A6DC094525C7FADB0058FED0 /* DPImageView+LettersExtension.swift */ = {isa = PBXFileReference; fileEncoding = 4; lastKnownFileType = sourcecode.swift; path = "DPImageView+LettersExtension.swift"; sourceTree = "<group>"; };
		A6DC094625C7FADB0058FED0 /* UIImageViewExtension.swift */ = {isa = PBXFileReference; fileEncoding = 4; lastKnownFileType = sourcecode.swift; path = UIImageViewExtension.swift; sourceTree = "<group>"; };
		A6DC094725C7FADB0058FED0 /* UIlabelExtension.swift */ = {isa = PBXFileReference; fileEncoding = 4; lastKnownFileType = sourcecode.swift; path = UIlabelExtension.swift; sourceTree = "<group>"; };
		A6DC094825C7FADC0058FED0 /* UIViewControllerExtension.swift */ = {isa = PBXFileReference; fileEncoding = 4; lastKnownFileType = sourcecode.swift; path = UIViewControllerExtension.swift; sourceTree = "<group>"; };
		A6DC094925C7FADC0058FED0 /* String.swift */ = {isa = PBXFileReference; fileEncoding = 4; lastKnownFileType = sourcecode.swift; path = String.swift; sourceTree = "<group>"; };
		A6DC094A25C7FADC0058FED0 /* UINavigationBarExtension.swift */ = {isa = PBXFileReference; fileEncoding = 4; lastKnownFileType = sourcecode.swift; path = UINavigationBarExtension.swift; sourceTree = "<group>"; };
		A6DC094B25C7FADC0058FED0 /* HexColorExtension.swift */ = {isa = PBXFileReference; fileEncoding = 4; lastKnownFileType = sourcecode.swift; path = HexColorExtension.swift; sourceTree = "<group>"; };
		A6DC094D25C7FADC0058FED0 /* UITabBarExtension.swift */ = {isa = PBXFileReference; fileEncoding = 4; lastKnownFileType = sourcecode.swift; path = UITabBarExtension.swift; sourceTree = "<group>"; };
		A6DC094F25C7FADC0058FED0 /* UIViewExtension.swift */ = {isa = PBXFileReference; fileEncoding = 4; lastKnownFileType = sourcecode.swift; path = UIViewExtension.swift; sourceTree = "<group>"; };
		A6DC095025C7FADC0058FED0 /* DateExtension.swift */ = {isa = PBXFileReference; fileEncoding = 4; lastKnownFileType = sourcecode.swift; path = DateExtension.swift; sourceTree = "<group>"; };
		A6DC095125C7FADD0058FED0 /* Localizable.swift */ = {isa = PBXFileReference; fileEncoding = 4; lastKnownFileType = sourcecode.swift; path = Localizable.swift; sourceTree = "<group>"; };
		A6DC096225C7FC5B0058FED0 /* Constant.swift */ = {isa = PBXFileReference; lastKnownFileType = sourcecode.swift; path = Constant.swift; sourceTree = "<group>"; };
		A6DC096425C808C40058FED0 /* HomeViewController.swift */ = {isa = PBXFileReference; lastKnownFileType = sourcecode.swift; path = HomeViewController.swift; sourceTree = "<group>"; };
		A6DC096725C808DD0058FED0 /* MenuViewController.swift */ = {isa = PBXFileReference; lastKnownFileType = sourcecode.swift; path = MenuViewController.swift; sourceTree = "<group>"; };
		A6DC096C25C80E9C0058FED0 /* MenuTableViewCell.swift */ = {isa = PBXFileReference; lastKnownFileType = sourcecode.swift; path = MenuTableViewCell.swift; sourceTree = "<group>"; };
		A6DC096D25C80E9C0058FED0 /* MenuTableViewCell.xib */ = {isa = PBXFileReference; lastKnownFileType = file.xib; path = MenuTableViewCell.xib; sourceTree = "<group>"; };
		A6DC097225C812760058FED0 /* GeneralTableViewData.swift */ = {isa = PBXFileReference; fileEncoding = 4; lastKnownFileType = sourcecode.swift; path = GeneralTableViewData.swift; sourceTree = "<group>"; };
		A6DC097325C812760058FED0 /* GeneralTableViewCell.swift */ = {isa = PBXFileReference; fileEncoding = 4; lastKnownFileType = sourcecode.swift; path = GeneralTableViewCell.swift; sourceTree = "<group>"; };
		A6DC097425C812760058FED0 /* GeneralTableView.swift */ = {isa = PBXFileReference; fileEncoding = 4; lastKnownFileType = sourcecode.swift; path = GeneralTableView.swift; sourceTree = "<group>"; };
		A6DC097625C812760058FED0 /* GeneralCollectionViewCell.swift */ = {isa = PBXFileReference; fileEncoding = 4; lastKnownFileType = sourcecode.swift; path = GeneralCollectionViewCell.swift; sourceTree = "<group>"; };
		A6DC097725C812760058FED0 /* GeneralCollectionViewData.swift */ = {isa = PBXFileReference; fileEncoding = 4; lastKnownFileType = sourcecode.swift; path = GeneralCollectionViewData.swift; sourceTree = "<group>"; };
		A6DC097825C812760058FED0 /* GeneralCollectionView.swift */ = {isa = PBXFileReference; fileEncoding = 4; lastKnownFileType = sourcecode.swift; path = GeneralCollectionView.swift; sourceTree = "<group>"; };
		ABFC7536436A75717E42BAFD /* Pods-Istsharat.release.xcconfig */ = {isa = PBXFileReference; includeInIndex = 1; lastKnownFileType = text.xcconfig; name = "Pods-Istsharat.release.xcconfig"; path = "Target Support Files/Pods-Istsharat/Pods-Istsharat.release.xcconfig"; sourceTree = "<group>"; };
		D5FF93201652E3385944A3E5 /* Pods_Istsharat.framework */ = {isa = PBXFileReference; explicitFileType = wrapper.framework; includeInIndex = 0; path = Pods_Istsharat.framework; sourceTree = BUILT_PRODUCTS_DIR; };
		D6A57C6A4A69ADC939622C07 /* Pods-Istsharat.debug.xcconfig */ = {isa = PBXFileReference; includeInIndex = 1; lastKnownFileType = text.xcconfig; name = "Pods-Istsharat.debug.xcconfig"; path = "Target Support Files/Pods-Istsharat/Pods-Istsharat.debug.xcconfig"; sourceTree = "<group>"; };
/* End PBXFileReference section */

/* Begin PBXFrameworksBuildPhase section */
		A6DC091125C7F1C50058FED0 /* Frameworks */ = {
			isa = PBXFrameworksBuildPhase;
			buildActionMask = 2147483647;
			files = (
				546D656EB767D6B4AF321E79 /* Pods_Istsharat.framework in Frameworks */,
			);
			runOnlyForDeploymentPostprocessing = 0;
		};
/* End PBXFrameworksBuildPhase section */

/* Begin PBXGroup section */
		0FE4D33511B7EA6F0A713C26 /* Pods */ = {
			isa = PBXGroup;
			children = (
				D6A57C6A4A69ADC939622C07 /* Pods-Istsharat.debug.xcconfig */,
				ABFC7536436A75717E42BAFD /* Pods-Istsharat.release.xcconfig */,
			);
			path = Pods;
			sourceTree = "<group>";
		};
		A608BDDE25CA816800548BC1 /* AskConsultation */ = {
			isa = PBXGroup;
			children = (
				A608BDDF25CA819E00548BC1 /* AskConsultationViewController.swift */,
			);
			path = AskConsultation;
			sourceTree = "<group>";
		};
		A60A3ED625D00F5E003E2D18 /* UserProfile */ = {
			isa = PBXGroup;
			children = (
				A60A3ED725D00F7F003E2D18 /* UserProfile.swift */,
			);
			path = UserProfile;
			sourceTree = "<group>";
		};
		A62D25CB25C92DA600C28CF6 /* homeCell */ = {
			isa = PBXGroup;
			children = (
				A633DE6825CACBD500B00D30 /* ChildHomeTableViewCell.swift */,
				A633DE6925CACBD500B00D30 /* ChildHomeTableViewCell.xib */,
			);
			path = homeCell;
			sourceTree = "<group>";
		};
		A62D25D025C9533900C28CF6 /* Categories */ = {
			isa = PBXGroup;
			children = (
				A62D25D125C9536400C28CF6 /* CategoriesViewController.swift */,
				A62D25D325C9538500C28CF6 /* CategoryCollectionViewCell.swift */,
			);
			path = Categories;
			sourceTree = "<group>";
		};
		A62D25D525C963E100C28CF6 /* Consultations */ = {
			isa = PBXGroup;
			children = (
				A62D25D625C9649700C28CF6 /* ConsultationViewController.swift */,
				A62D25DD25C9873800C28CF6 /* ConsultationsViewController.swift */,
				A62D25DF25C987CC00C28CF6 /* ConsultationsTableViewCell.swift */,
				A60A3ED925D01447003E2D18 /* QuestionDetailsViewController.swift */,
			);
			path = Consultations;
			sourceTree = "<group>";
		};
		A62D25D825C9745100C28CF6 /* Search */ = {
			isa = PBXGroup;
			children = (
				A62D25D925C9747800C28CF6 /* SearchViewController.swift */,
				A62D25DB25C974D000C28CF6 /* SearchTableViewCell.swift */,
			);
			name = Search;
			path = "سثشقؤا";
			sourceTree = "<group>";
		};
		A633DE6325CABA7200B00D30 /* ConsultationsList */ = {
			isa = PBXGroup;
			children = (
				A633DE6425CABA9E00B00D30 /* ConsultationsListViewController.swift */,
				A633DE6625CABB1C00B00D30 /* ConsultationsListTableViewCell.swift */,
			);
			path = ConsultationsList;
			sourceTree = "<group>";
		};
		A633DE6E25CBAF1800B00D30 /* Views */ = {
			isa = PBXGroup;
			children = (
				A633DE7425CBC54F00B00D30 /* FooterHomeTableView */,
				A633DE6F25CBAF3900B00D30 /* HeaderHomeTable */,
			);
			path = Views;
			sourceTree = "<group>";
		};
		A633DE6F25CBAF3900B00D30 /* HeaderHomeTable */ = {
			isa = PBXGroup;
			children = (
				A633DE7025CBB07A00B00D30 /* HeaderHomeTableView.xib */,
				A633DE7225CBB12700B00D30 /* HeaderHomeTableView.swift */,
			);
			path = HeaderHomeTable;
			sourceTree = "<group>";
		};
		A633DE7425CBC54F00B00D30 /* FooterHomeTableView */ = {
			isa = PBXGroup;
			children = (
				A633DE7525CBC58800B00D30 /* FooterHomeTableView.xib */,
				A633DE7725CBC5A000B00D30 /* FooterHomeTableView.swift */,
			);
			path = FooterHomeTableView;
			sourceTree = "<group>";
		};
		A6766D5625C834FD002CC752 /* chatListCell */ = {
			isa = PBXGroup;
			children = (
				A6766D5725C83521002CC752 /* ChatListTableViewCell.swift */,
				A6766D5825C83521002CC752 /* ChatListTableViewCell.xib */,
			);
			path = chatListCell;
			sourceTree = "<group>";
		};
		A6766D5B25C83834002CC752 /* Chat */ = {
			isa = PBXGroup;
			children = (
				A6766D5C25C83854002CC752 /* ChatListViewController.swift */,
				A699DBCE25CAAF2000A50370 /* ChatViewController.swift */,
			);
			path = Chat;
			sourceTree = "<group>";
		};
		A68E25D225CBF7F2008C773F /* Model */ = {
			isa = PBXGroup;
			children = (
				A68E25D325CBF826008C773F /* Categories.swift */,
				A68E25D525CBFD84008C773F /* PageOfCategory.swift */,
				A68E25D725CC07B9008C773F /* Cities.swift */,
				A68E25D925CC0851008C773F /* PageDetails.swift */,
				A60A3ECE25CEBD40003E2D18 /* Home.swift */,
				A60A3ED025CFF161003E2D18 /* UserLoginModel.swift */,
				A60A3ED225CFF223003E2D18 /* UserRegisterModel.swift */,
				A60A3ED425CFF923003E2D18 /* QuestionsModel.swift */,
				A60A3EDB25D027F7003E2D18 /* ChatSessionsModel.swift */,
			);
			path = Model;
			sourceTree = "<group>";
		};
		A68E25DB25CC0D5E008C773F /* WebServices */ = {
			isa = PBXGroup;
			children = (
				A60A3EB925CDEC0B003E2D18 /* BaseFile.swift */,
				A60A3EB825CDEC0B003E2D18 /* BaseRequest.swift */,
				A60A3EBA25CDEC0B003E2D18 /* GlobalConstants.swift */,
				A60A3EBB25CDEC0B003E2D18 /* RequestBuilder.swift */,
				A60A3EB725CDEC0B003E2D18 /* ResponseHandler.swift */,
				A60A3EDF25D17007003E2D18 /* Connectivity.swift */,
			);
			path = WebServices;
			sourceTree = "<group>";
		};
		A6DC090B25C7F1C40058FED0 = {
			isa = PBXGroup;
			children = (
				A6DC091625C7F1C50058FED0 /* Istsharat */,
				A6DC091525C7F1C50058FED0 /* Products */,
				0FE4D33511B7EA6F0A713C26 /* Pods */,
				CF18B46A9572979ED589D081 /* Frameworks */,
			);
			sourceTree = "<group>";
		};
		A6DC091525C7F1C50058FED0 /* Products */ = {
			isa = PBXGroup;
			children = (
				A6DC091425C7F1C50058FED0 /* Istsharat.app */,
			);
			name = Products;
			sourceTree = "<group>";
		};
		A6DC091625C7F1C50058FED0 /* Istsharat */ = {
			isa = PBXGroup;
			children = (
				A68E25DB25CC0D5E008C773F /* WebServices */,
				A68E25D225CBF7F2008C773F /* Model */,
				A6DC091725C7F1C50058FED0 /* AppDelegate.swift */,
				A6DC091925C7F1C50058FED0 /* SceneDelegate.swift */,
				A6DC092B25C7F1E30058FED0 /* Storyboard */,
				A6DC092C25C7F1F20058FED0 /* ViewControllers */,
				A6DC092D25C7F1FC0058FED0 /* Utils */,
				A653B40725CDC57600B64E7B /* TestViewController.swift */,
				A6DC092E25C7F2070058FED0 /* SupportFiles */,
			);
			path = Istsharat;
			sourceTree = "<group>";
		};
		A6DC092B25C7F1E30058FED0 /* Storyboard */ = {
			isa = PBXGroup;
			children = (
				A6DC092225C7F1C70058FED0 /* LaunchScreen.storyboard */,
				A6DC091D25C7F1C50058FED0 /* Main.storyboard */,
			);
			path = Storyboard;
			sourceTree = "<group>";
		};
		A6DC092C25C7F1F20058FED0 /* ViewControllers */ = {
			isa = PBXGroup;
			children = (
				A633DE6325CABA7200B00D30 /* ConsultationsList */,
				A608BDDE25CA816800548BC1 /* AskConsultation */,
				A62D25D825C9745100C28CF6 /* Search */,
				A62D25D525C963E100C28CF6 /* Consultations */,
				A62D25D025C9533900C28CF6 /* Categories */,
				A6766D5B25C83834002CC752 /* Chat */,
				A6DC096925C80E670058FED0 /* XIB */,
				A6DC096625C808CD0058FED0 /* Menu */,
				A6DC093225C7F3080058FED0 /* Profile */,
				A6DC093125C7F2FC0058FED0 /* Home */,
				A6DC092F25C7F2E00058FED0 /* RigesterationScreen */,
				A6DC093825C7F7400058FED0 /* MainNavigationViewController.swift */,
				A6DC093A25C7F7680058FED0 /* LGSideViewController.swift */,
			);
			path = ViewControllers;
			sourceTree = "<group>";
		};
		A6DC092D25C7F1FC0058FED0 /* Utils */ = {
			isa = PBXGroup;
			children = (
				A60A3ED625D00F5E003E2D18 /* UserProfile */,
				A6DC097025C812340058FED0 /* commen */,
				A6DC094125C7FAC80058FED0 /* Extensions */,
				A6DC096225C7FC5B0058FED0 /* Constant.swift */,
			);
			path = Utils;
			sourceTree = "<group>";
		};
		A6DC092E25C7F2070058FED0 /* SupportFiles */ = {
			isa = PBXGroup;
			children = (
				A6DC093C25C7F9400058FED0 /* Fonts */,
				A6DC092525C7F1C70058FED0 /* Info.plist */,
				A6DC092025C7F1C70058FED0 /* Assets.xcassets */,
			);
			path = SupportFiles;
			sourceTree = "<group>";
		};
		A6DC092F25C7F2E00058FED0 /* RigesterationScreen */ = {
			isa = PBXGroup;
			children = (
				A6DC091B25C7F1C50058FED0 /* RigesterViewController.swift */,
				A6DC093425C7F3860058FED0 /* LoginViewController.swift */,
				A6DC093625C7F3BB0058FED0 /* ForgetPasswordViewController.swift */,
				A608BDDC25CA768600548BC1 /* ChangePasswordViewController.swift */,
			);
			path = RigesterationScreen;
			sourceTree = "<group>";
		};
		A6DC093125C7F2FC0058FED0 /* Home */ = {
			isa = PBXGroup;
			children = (
				A6DC096425C808C40058FED0 /* HomeViewController.swift */,
			);
			path = Home;
			sourceTree = "<group>";
		};
		A6DC093225C7F3080058FED0 /* Profile */ = {
			isa = PBXGroup;
			children = (
			);
			path = Profile;
			sourceTree = "<group>";
		};
		A6DC093C25C7F9400058FED0 /* Fonts */ = {
			isa = PBXGroup;
			children = (
				A6DC093D25C7F9D60058FED0 /* font_bold.ttf */,
				A6DC093E25C7F9D60058FED0 /* font_regular.ttf */,
			);
			path = Fonts;
			sourceTree = "<group>";
		};
		A6DC094125C7FAC80058FED0 /* Extensions */ = {
			isa = PBXGroup;
			children = (
				A6DC095025C7FADC0058FED0 /* DateExtension.swift */,
				A6DC094525C7FADB0058FED0 /* DPImageView+LettersExtension.swift */,
				A6DC094B25C7FADC0058FED0 /* HexColorExtension.swift */,
				A6DC095125C7FADD0058FED0 /* Localizable.swift */,
				A6DC094925C7FADC0058FED0 /* String.swift */,
				A6DC094225C7FADB0058FED0 /* UIButtonExtension.swift */,
				A6DC094625C7FADB0058FED0 /* UIImageViewExtension.swift */,
				A6DC094725C7FADB0058FED0 /* UIlabelExtension.swift */,
				A6DC094A25C7FADC0058FED0 /* UINavigationBarExtension.swift */,
				A6DC094D25C7FADC0058FED0 /* UITabBarExtension.swift */,
				A6DC094425C7FADB0058FED0 /* UITextFieldExtension.swift */,
				A6DC094325C7FADB0058FED0 /* UITextViewExtension.swift */,
				A6DC094825C7FADC0058FED0 /* UIViewControllerExtension.swift */,
				A6DC094F25C7FADC0058FED0 /* UIViewExtension.swift */,
			);
			path = Extensions;
			sourceTree = "<group>";
		};
		A6DC096625C808CD0058FED0 /* Menu */ = {
			isa = PBXGroup;
			children = (
				A6DC096725C808DD0058FED0 /* MenuViewController.swift */,
			);
			path = Menu;
			sourceTree = "<group>";
		};
		A6DC096925C80E670058FED0 /* XIB */ = {
			isa = PBXGroup;
			children = (
				A633DE6E25CBAF1800B00D30 /* Views */,
				A6DC096A25C80E700058FED0 /* Table */,
			);
			path = XIB;
			sourceTree = "<group>";
		};
		A6DC096A25C80E700058FED0 /* Table */ = {
			isa = PBXGroup;
			children = (
				A62D25CB25C92DA600C28CF6 /* homeCell */,
				A6766D5625C834FD002CC752 /* chatListCell */,
				A6DC096B25C80E790058FED0 /* menuTableCell */,
				A688DC3025D3B0AD00B30C98 /* AdvsTableViewCell.swift */,
				A688DC3125D3B0AD00B30C98 /* AdvsTableViewCell.xib */,
			);
			path = Table;
			sourceTree = "<group>";
		};
		A6DC096B25C80E790058FED0 /* menuTableCell */ = {
			isa = PBXGroup;
			children = (
				A6DC096C25C80E9C0058FED0 /* MenuTableViewCell.swift */,
				A6DC096D25C80E9C0058FED0 /* MenuTableViewCell.xib */,
			);
			path = menuTableCell;
			sourceTree = "<group>";
		};
		A6DC097025C812340058FED0 /* commen */ = {
			isa = PBXGroup;
			children = (
				A6DC097525C812760058FED0 /* ColectionView */,
				A6DC097125C812760058FED0 /* TableView */,
			);
			path = commen;
			sourceTree = "<group>";
		};
		A6DC097125C812760058FED0 /* TableView */ = {
			isa = PBXGroup;
			children = (
				A6DC097225C812760058FED0 /* GeneralTableViewData.swift */,
				A6DC097325C812760058FED0 /* GeneralTableViewCell.swift */,
				A6DC097425C812760058FED0 /* GeneralTableView.swift */,
			);
			path = TableView;
			sourceTree = "<group>";
		};
		A6DC097525C812760058FED0 /* ColectionView */ = {
			isa = PBXGroup;
			children = (
				A6DC097625C812760058FED0 /* GeneralCollectionViewCell.swift */,
				A6DC097725C812760058FED0 /* GeneralCollectionViewData.swift */,
				A6DC097825C812760058FED0 /* GeneralCollectionView.swift */,
			);
			path = ColectionView;
			sourceTree = "<group>";
		};
		CF18B46A9572979ED589D081 /* Frameworks */ = {
			isa = PBXGroup;
			children = (
				D5FF93201652E3385944A3E5 /* Pods_Istsharat.framework */,
			);
			name = Frameworks;
			sourceTree = "<group>";
		};
/* End PBXGroup section */

/* Begin PBXNativeTarget section */
		A6DC091325C7F1C50058FED0 /* Istsharat */ = {
			isa = PBXNativeTarget;
			buildConfigurationList = A6DC092825C7F1C70058FED0 /* Build configuration list for PBXNativeTarget "Istsharat" */;
			buildPhases = (
				F3456F0C28891DE0F76E3FC6 /* [CP] Check Pods Manifest.lock */,
				A6DC091025C7F1C50058FED0 /* Sources */,
				A6DC091125C7F1C50058FED0 /* Frameworks */,
				A6DC091225C7F1C50058FED0 /* Resources */,
				6B9B20395BABAAE561AED3DE /* [CP] Embed Pods Frameworks */,
			);
			buildRules = (
			);
			dependencies = (
			);
			name = Istsharat;
			productName = Istsharat;
			productReference = A6DC091425C7F1C50058FED0 /* Istsharat.app */;
			productType = "com.apple.product-type.application";
		};
/* End PBXNativeTarget section */

/* Begin PBXProject section */
		A6DC090C25C7F1C40058FED0 /* Project object */ = {
			isa = PBXProject;
			attributes = {
				LastSwiftUpdateCheck = 1130;
				LastUpgradeCheck = 1130;
				ORGANIZATIONNAME = "mac air";
				TargetAttributes = {
					A6DC091325C7F1C50058FED0 = {
						CreatedOnToolsVersion = 11.3.1;
					};
				};
			};
			buildConfigurationList = A6DC090F25C7F1C40058FED0 /* Build configuration list for PBXProject "Istsharat" */;
			compatibilityVersion = "Xcode 9.3";
			developmentRegion = en;
			hasScannedForEncodings = 0;
			knownRegions = (
				en,
				Base,
			);
			mainGroup = A6DC090B25C7F1C40058FED0;
			productRefGroup = A6DC091525C7F1C50058FED0 /* Products */;
			projectDirPath = "";
			projectRoot = "";
			targets = (
				A6DC091325C7F1C50058FED0 /* Istsharat */,
			);
		};
/* End PBXProject section */

/* Begin PBXResourcesBuildPhase section */
		A6DC091225C7F1C50058FED0 /* Resources */ = {
			isa = PBXResourcesBuildPhase;
			buildActionMask = 2147483647;
			files = (
				A6DC096F25C80E9C0058FED0 /* MenuTableViewCell.xib in Resources */,
				A6DC094025C7F9D60058FED0 /* font_regular.ttf in Resources */,
				A633DE6B25CACBD500B00D30 /* ChildHomeTableViewCell.xib in Resources */,
				A688DC3325D3B0AD00B30C98 /* AdvsTableViewCell.xib in Resources */,
				A6766D5A25C83521002CC752 /* ChatListTableViewCell.xib in Resources */,
				A6DC093F25C7F9D60058FED0 /* font_bold.ttf in Resources */,
				A6DC092425C7F1C70058FED0 /* LaunchScreen.storyboard in Resources */,
				A6DC092125C7F1C70058FED0 /* Assets.xcassets in Resources */,
				A6DC091F25C7F1C50058FED0 /* Main.storyboard in Resources */,
				A633DE7625CBC58800B00D30 /* FooterHomeTableView.xib in Resources */,
				A633DE7125CBB07A00B00D30 /* HeaderHomeTableView.xib in Resources */,
			);
			runOnlyForDeploymentPostprocessing = 0;
		};
/* End PBXResourcesBuildPhase section */

/* Begin PBXShellScriptBuildPhase section */
		6B9B20395BABAAE561AED3DE /* [CP] Embed Pods Frameworks */ = {
			isa = PBXShellScriptBuildPhase;
			buildActionMask = 2147483647;
			files = (
			);
			inputFileListPaths = (
				"${PODS_ROOT}/Target Support Files/Pods-Istsharat/Pods-Istsharat-frameworks-${CONFIGURATION}-input-files.xcfilelist",
			);
			name = "[CP] Embed Pods Frameworks";
			outputFileListPaths = (
				"${PODS_ROOT}/Target Support Files/Pods-Istsharat/Pods-Istsharat-frameworks-${CONFIGURATION}-output-files.xcfilelist",
			);
			runOnlyForDeploymentPostprocessing = 0;
			shellPath = /bin/sh;
			shellScript = "\"${PODS_ROOT}/Target Support Files/Pods-Istsharat/Pods-Istsharat-frameworks.sh\"\n";
			showEnvVarsInLog = 0;
		};
		F3456F0C28891DE0F76E3FC6 /* [CP] Check Pods Manifest.lock */ = {
			isa = PBXShellScriptBuildPhase;
			buildActionMask = 2147483647;
			files = (
			);
			inputFileListPaths = (
			);
			inputPaths = (
				"${PODS_PODFILE_DIR_PATH}/Podfile.lock",
				"${PODS_ROOT}/Manifest.lock",
			);
			name = "[CP] Check Pods Manifest.lock";
			outputFileListPaths = (
			);
			outputPaths = (
				"$(DERIVED_FILE_DIR)/Pods-Istsharat-checkManifestLockResult.txt",
			);
			runOnlyForDeploymentPostprocessing = 0;
			shellPath = /bin/sh;
			shellScript = "diff \"${PODS_PODFILE_DIR_PATH}/Podfile.lock\" \"${PODS_ROOT}/Manifest.lock\" > /dev/null\nif [ $? != 0 ] ; then\n    # print error to STDERR\n    echo \"error: The sandbox is not in sync with the Podfile.lock. Run 'pod install' or update your CocoaPods installation.\" >&2\n    exit 1\nfi\n# This output is used by Xcode 'outputs' to avoid re-running this script phase.\necho \"SUCCESS\" > \"${SCRIPT_OUTPUT_FILE_0}\"\n";
			showEnvVarsInLog = 0;
		};
/* End PBXShellScriptBuildPhase section */

/* Begin PBXSourcesBuildPhase section */
		A6DC091025C7F1C50058FED0 /* Sources */ = {
			isa = PBXSourcesBuildPhase;
			buildActionMask = 2147483647;
			files = (
				A6DC093525C7F3860058FED0 /* LoginViewController.swift in Sources */,
				A6DC096125C7FADD0058FED0 /* Localizable.swift in Sources */,
				A60A3EDC25D027F8003E2D18 /* ChatSessionsModel.swift in Sources */,
				A699DBCF25CAAF2000A50370 /* ChatViewController.swift in Sources */,
				A68E25D825CC07B9008C773F /* Cities.swift in Sources */,
				A60A3ECF25CEBD40003E2D18 /* Home.swift in Sources */,
				A6DC097C25C812760058FED0 /* GeneralCollectionViewCell.swift in Sources */,
				A6DC095225C7FADD0058FED0 /* UIButtonExtension.swift in Sources */,
				A62D25DA25C9747800C28CF6 /* SearchViewController.swift in Sources */,
				A62D25D725C9649700C28CF6 /* ConsultationViewController.swift in Sources */,
				A62D25D425C9538500C28CF6 /* CategoryCollectionViewCell.swift in Sources */,
				A60A3EC025CDEC0B003E2D18 /* RequestBuilder.swift in Sources */,
				A6DC095625C7FADD0058FED0 /* UIImageViewExtension.swift in Sources */,
				A6DC097D25C812760058FED0 /* GeneralCollectionViewData.swift in Sources */,
				A60A3EBC25CDEC0B003E2D18 /* ResponseHandler.swift in Sources */,
				A60A3ED325CFF223003E2D18 /* UserRegisterModel.swift in Sources */,
				A68E25DA25CC0851008C773F /* PageDetails.swift in Sources */,
				A6DC093925C7F7400058FED0 /* MainNavigationViewController.swift in Sources */,
				A6DC091C25C7F1C50058FED0 /* RigesterViewController.swift in Sources */,
				A6DC097B25C812760058FED0 /* GeneralTableView.swift in Sources */,
				A6DC096525C808C40058FED0 /* HomeViewController.swift in Sources */,
				A6DC097E25C812760058FED0 /* GeneralCollectionView.swift in Sources */,
				A608BDE025CA819E00548BC1 /* AskConsultationViewController.swift in Sources */,
				A6DC096825C808DD0058FED0 /* MenuViewController.swift in Sources */,
				A6DC095B25C7FADD0058FED0 /* HexColorExtension.swift in Sources */,
				A633DE6525CABA9E00B00D30 /* ConsultationsListViewController.swift in Sources */,
				A6DC093725C7F3BB0058FED0 /* ForgetPasswordViewController.swift in Sources */,
				A6DC095D25C7FADD0058FED0 /* UITabBarExtension.swift in Sources */,
				A68E25D625CBFD84008C773F /* PageOfCategory.swift in Sources */,
				A60A3EBF25CDEC0B003E2D18 /* GlobalConstants.swift in Sources */,
				A6766D5D25C83854002CC752 /* ChatListViewController.swift in Sources */,
				A68E25D425CBF826008C773F /* Categories.swift in Sources */,
				A6DC096325C7FC5B0058FED0 /* Constant.swift in Sources */,
				A60A3EBE25CDEC0B003E2D18 /* BaseFile.swift in Sources */,
				A688DC3225D3B0AD00B30C98 /* AdvsTableViewCell.swift in Sources */,
				A6DC095425C7FADD0058FED0 /* UITextFieldExtension.swift in Sources */,
				A62D25DC25C974D000C28CF6 /* SearchTableViewCell.swift in Sources */,
				A6DC093B25C7F7680058FED0 /* LGSideViewController.swift in Sources */,
				A62D25E025C987CC00C28CF6 /* ConsultationsTableViewCell.swift in Sources */,
				A62D25D225C9536400C28CF6 /* CategoriesViewController.swift in Sources */,
				A6DC097925C812760058FED0 /* GeneralTableViewData.swift in Sources */,
				A633DE6A25CACBD500B00D30 /* ChildHomeTableViewCell.swift in Sources */,
				A6DC095525C7FADD0058FED0 /* DPImageView+LettersExtension.swift in Sources */,
				A608BDDD25CA768600548BC1 /* ChangePasswordViewController.swift in Sources */,
				A6DC095A25C7FADD0058FED0 /* UINavigationBarExtension.swift in Sources */,
				A62D25DE25C9873800C28CF6 /* ConsultationsViewController.swift in Sources */,
				A60A3ED825D00F80003E2D18 /* UserProfile.swift in Sources */,
				A6766D5925C83521002CC752 /* ChatListTableViewCell.swift in Sources */,
				A6DC095725C7FADD0058FED0 /* UIlabelExtension.swift in Sources */,
				A6DC095325C7FADD0058FED0 /* UITextViewExtension.swift in Sources */,
				A633DE7325CBB12700B00D30 /* HeaderHomeTableView.swift in Sources */,
				A6DC091825C7F1C50058FED0 /* AppDelegate.swift in Sources */,
				A6DC096025C7FADD0058FED0 /* DateExtension.swift in Sources */,
				A60A3EDA25D01447003E2D18 /* QuestionDetailsViewController.swift in Sources */,
				A6DC095925C7FADD0058FED0 /* String.swift in Sources */,
				A6DC095F25C7FADD0058FED0 /* UIViewExtension.swift in Sources */,
				A6DC095825C7FADD0058FED0 /* UIViewControllerExtension.swift in Sources */,
				A6DC091A25C7F1C50058FED0 /* SceneDelegate.swift in Sources */,
				A6DC096E25C80E9C0058FED0 /* MenuTableViewCell.swift in Sources */,
				A60A3EBD25CDEC0B003E2D18 /* BaseRequest.swift in Sources */,
				A653B40825CDC57600B64E7B /* TestViewController.swift in Sources */,
				A60A3ED525CFF923003E2D18 /* QuestionsModel.swift in Sources */,
				A633DE7825CBC5A000B00D30 /* FooterHomeTableView.swift in Sources */,
				A60A3EE025D17009003E2D18 /* Connectivity.swift in Sources */,
				A633DE6725CABB1C00B00D30 /* ConsultationsListTableViewCell.swift in Sources */,
				A60A3ED125CFF162003E2D18 /* UserLoginModel.swift in Sources */,
				A6DC097A25C812760058FED0 /* GeneralTableViewCell.swift in Sources */,
			);
			runOnlyForDeploymentPostprocessing = 0;
		};
/* End PBXSourcesBuildPhase section */

/* Begin PBXVariantGroup section */
		A6DC091D25C7F1C50058FED0 /* Main.storyboard */ = {
			isa = PBXVariantGroup;
			children = (
				A6DC091E25C7F1C50058FED0 /* Base */,
			);
			name = Main.storyboard;
			sourceTree = "<group>";
		};
		A6DC092225C7F1C70058FED0 /* LaunchScreen.storyboard */ = {
			isa = PBXVariantGroup;
			children = (
				A6DC092325C7F1C70058FED0 /* Base */,
			);
			name = LaunchScreen.storyboard;
			sourceTree = "<group>";
		};
/* End PBXVariantGroup section */

/* Begin XCBuildConfiguration section */
		A6DC092625C7F1C70058FED0 /* Debug */ = {
			isa = XCBuildConfiguration;
			buildSettings = {
				ALWAYS_SEARCH_USER_PATHS = NO;
				CLANG_ANALYZER_NONNULL = YES;
				CLANG_ANALYZER_NUMBER_OBJECT_CONVERSION = YES_AGGRESSIVE;
				CLANG_CXX_LANGUAGE_STANDARD = "gnu++14";
				CLANG_CXX_LIBRARY = "libc++";
				CLANG_ENABLE_MODULES = YES;
				CLANG_ENABLE_OBJC_ARC = YES;
				CLANG_ENABLE_OBJC_WEAK = YES;
				CLANG_WARN_BLOCK_CAPTURE_AUTORELEASING = YES;
				CLANG_WARN_BOOL_CONVERSION = YES;
				CLANG_WARN_COMMA = YES;
				CLANG_WARN_CONSTANT_CONVERSION = YES;
				CLANG_WARN_DEPRECATED_OBJC_IMPLEMENTATIONS = YES;
				CLANG_WARN_DIRECT_OBJC_ISA_USAGE = YES_ERROR;
				CLANG_WARN_DOCUMENTATION_COMMENTS = YES;
				CLANG_WARN_EMPTY_BODY = YES;
				CLANG_WARN_ENUM_CONVERSION = YES;
				CLANG_WARN_INFINITE_RECURSION = YES;
				CLANG_WARN_INT_CONVERSION = YES;
				CLANG_WARN_NON_LITERAL_NULL_CONVERSION = YES;
				CLANG_WARN_OBJC_IMPLICIT_RETAIN_SELF = YES;
				CLANG_WARN_OBJC_LITERAL_CONVERSION = YES;
				CLANG_WARN_OBJC_ROOT_CLASS = YES_ERROR;
				CLANG_WARN_RANGE_LOOP_ANALYSIS = YES;
				CLANG_WARN_STRICT_PROTOTYPES = YES;
				CLANG_WARN_SUSPICIOUS_MOVE = YES;
				CLANG_WARN_UNGUARDED_AVAILABILITY = YES_AGGRESSIVE;
				CLANG_WARN_UNREACHABLE_CODE = YES;
				CLANG_WARN__DUPLICATE_METHOD_MATCH = YES;
				COPY_PHASE_STRIP = NO;
				DEBUG_INFORMATION_FORMAT = dwarf;
				ENABLE_STRICT_OBJC_MSGSEND = YES;
				ENABLE_TESTABILITY = YES;
				GCC_C_LANGUAGE_STANDARD = gnu11;
				GCC_DYNAMIC_NO_PIC = NO;
				GCC_NO_COMMON_BLOCKS = YES;
				GCC_OPTIMIZATION_LEVEL = 0;
				GCC_PREPROCESSOR_DEFINITIONS = (
					"DEBUG=1",
					"$(inherited)",
				);
				GCC_WARN_64_TO_32_BIT_CONVERSION = YES;
				GCC_WARN_ABOUT_RETURN_TYPE = YES_ERROR;
				GCC_WARN_UNDECLARED_SELECTOR = YES;
				GCC_WARN_UNINITIALIZED_AUTOS = YES_AGGRESSIVE;
				GCC_WARN_UNUSED_FUNCTION = YES;
				GCC_WARN_UNUSED_VARIABLE = YES;
				IPHONEOS_DEPLOYMENT_TARGET = 13.2;
				MTL_ENABLE_DEBUG_INFO = INCLUDE_SOURCE;
				MTL_FAST_MATH = YES;
				ONLY_ACTIVE_ARCH = YES;
				SDKROOT = iphoneos;
				SWIFT_ACTIVE_COMPILATION_CONDITIONS = DEBUG;
				SWIFT_OPTIMIZATION_LEVEL = "-Onone";
			};
			name = Debug;
		};
		A6DC092725C7F1C70058FED0 /* Release */ = {
			isa = XCBuildConfiguration;
			buildSettings = {
				ALWAYS_SEARCH_USER_PATHS = NO;
				CLANG_ANALYZER_NONNULL = YES;
				CLANG_ANALYZER_NUMBER_OBJECT_CONVERSION = YES_AGGRESSIVE;
				CLANG_CXX_LANGUAGE_STANDARD = "gnu++14";
				CLANG_CXX_LIBRARY = "libc++";
				CLANG_ENABLE_MODULES = YES;
				CLANG_ENABLE_OBJC_ARC = YES;
				CLANG_ENABLE_OBJC_WEAK = YES;
				CLANG_WARN_BLOCK_CAPTURE_AUTORELEASING = YES;
				CLANG_WARN_BOOL_CONVERSION = YES;
				CLANG_WARN_COMMA = YES;
				CLANG_WARN_CONSTANT_CONVERSION = YES;
				CLANG_WARN_DEPRECATED_OBJC_IMPLEMENTATIONS = YES;
				CLANG_WARN_DIRECT_OBJC_ISA_USAGE = YES_ERROR;
				CLANG_WARN_DOCUMENTATION_COMMENTS = YES;
				CLANG_WARN_EMPTY_BODY = YES;
				CLANG_WARN_ENUM_CONVERSION = YES;
				CLANG_WARN_INFINITE_RECURSION = YES;
				CLANG_WARN_INT_CONVERSION = YES;
				CLANG_WARN_NON_LITERAL_NULL_CONVERSION = YES;
				CLANG_WARN_OBJC_IMPLICIT_RETAIN_SELF = YES;
				CLANG_WARN_OBJC_LITERAL_CONVERSION = YES;
				CLANG_WARN_OBJC_ROOT_CLASS = YES_ERROR;
				CLANG_WARN_RANGE_LOOP_ANALYSIS = YES;
				CLANG_WARN_STRICT_PROTOTYPES = YES;
				CLANG_WARN_SUSPICIOUS_MOVE = YES;
				CLANG_WARN_UNGUARDED_AVAILABILITY = YES_AGGRESSIVE;
				CLANG_WARN_UNREACHABLE_CODE = YES;
				CLANG_WARN__DUPLICATE_METHOD_MATCH = YES;
				COPY_PHASE_STRIP = NO;
				DEBUG_INFORMATION_FORMAT = "dwarf-with-dsym";
				ENABLE_NS_ASSERTIONS = NO;
				ENABLE_STRICT_OBJC_MSGSEND = YES;
				GCC_C_LANGUAGE_STANDARD = gnu11;
				GCC_NO_COMMON_BLOCKS = YES;
				GCC_WARN_64_TO_32_BIT_CONVERSION = YES;
				GCC_WARN_ABOUT_RETURN_TYPE = YES_ERROR;
				GCC_WARN_UNDECLARED_SELECTOR = YES;
				GCC_WARN_UNINITIALIZED_AUTOS = YES_AGGRESSIVE;
				GCC_WARN_UNUSED_FUNCTION = YES;
				GCC_WARN_UNUSED_VARIABLE = YES;
				IPHONEOS_DEPLOYMENT_TARGET = 13.2;
				MTL_ENABLE_DEBUG_INFO = NO;
				MTL_FAST_MATH = YES;
				SDKROOT = iphoneos;
				SWIFT_COMPILATION_MODE = wholemodule;
				SWIFT_OPTIMIZATION_LEVEL = "-O";
				VALIDATE_PRODUCT = YES;
			};
			name = Release;
		};
		A6DC092925C7F1C70058FED0 /* Debug */ = {
			isa = XCBuildConfiguration;
			baseConfigurationReference = D6A57C6A4A69ADC939622C07 /* Pods-Istsharat.debug.xcconfig */;
			buildSettings = {
				ASSETCATALOG_COMPILER_APPICON_NAME = AppIcon;
				CODE_SIGN_STYLE = Automatic;
				INFOPLIST_FILE = Istsharat/SupportFiles/Info.plist;
				LD_RUNPATH_SEARCH_PATHS = (
					"$(inherited)",
					"@executable_path/Frameworks",
				);
				PRODUCT_BUNDLE_IDENTIFIER = com.taima.net.Istsharat;
				PRODUCT_NAME = "$(TARGET_NAME)";
				SWIFT_VERSION = 5.0;
				TARGETED_DEVICE_FAMILY = "1,2";
			};
			name = Debug;
		};
		A6DC092A25C7F1C70058FED0 /* Release */ = {
			isa = XCBuildConfiguration;
			baseConfigurationReference = ABFC7536436A75717E42BAFD /* Pods-Istsharat.release.xcconfig */;
			buildSettings = {
				ASSETCATALOG_COMPILER_APPICON_NAME = AppIcon;
				CODE_SIGN_STYLE = Automatic;
				INFOPLIST_FILE = Istsharat/SupportFiles/Info.plist;
				LD_RUNPATH_SEARCH_PATHS = (
					"$(inherited)",
					"@executable_path/Frameworks",
				);
				PRODUCT_BUNDLE_IDENTIFIER = com.taima.net.Istsharat;
				PRODUCT_NAME = "$(TARGET_NAME)";
				SWIFT_VERSION = 5.0;
				TARGETED_DEVICE_FAMILY = "1,2";
			};
			name = Release;
		};
/* End XCBuildConfiguration section */

/* Begin XCConfigurationList section */
		A6DC090F25C7F1C40058FED0 /* Build configuration list for PBXProject "Istsharat" */ = {
			isa = XCConfigurationList;
			buildConfigurations = (
				A6DC092625C7F1C70058FED0 /* Debug */,
				A6DC092725C7F1C70058FED0 /* Release */,
			);
			defaultConfigurationIsVisible = 0;
			defaultConfigurationName = Release;
		};
		A6DC092825C7F1C70058FED0 /* Build configuration list for PBXNativeTarget "Istsharat" */ = {
			isa = XCConfigurationList;
			buildConfigurations = (
				A6DC092925C7F1C70058FED0 /* Debug */,
				A6DC092A25C7F1C70058FED0 /* Release */,
			);
			defaultConfigurationIsVisible = 0;
			defaultConfigurationName = Release;
		};
/* End XCConfigurationList section */
	};
	rootObject = A6DC090C25C7F1C40058FED0 /* Project object */;
}
